
Microsoft Visual Studio Solution File, Format Version 12.00
# Visual Studio 15
VisualStudioVersion = 15.0.27703.2042
MinimumVisualStudioVersion = 10.0.40219.1
Project("{FAE04EC0-301F-11D3-BF4B-00C04F79EFBC}") = "Player", "Player\Player.csproj", "{30B334B1-E723-4ED7-B0A7-C7A1627F266D}"
EndProject
Global
	GlobalSection(SolutionConfigurationPlatforms) = preSolution
		Debug|Any CPU = Debug|Any CPU
		Release|Any CPU = Release|Any CPU
	EndGlobalSection
	GlobalSection(ProjectConfigurationPlatforms) = postSolution
		{30B334B1-E723-4ED7-B0A7-C7A1627F266D}.Debug|Any CPU.ActiveCfg = Debug|Any CPU
		{30B334B1-E723-4ED7-B0A7-C7A1627F266D}.Debug|Any CPU.Build.0 = Debug|Any CPU
		{30B334B1-E723-4ED7-B0A7-C7A1627F266D}.Release|Any CPU.ActiveCfg = Release|Any CPU
		{30B334B1-E723-4ED7-B0A7-C7A1627F266D}.Release|Any CPU.Build.0 = Release|Any CPU
	EndGlobalSection
	GlobalSection(SolutionProperties) = preSolution
		HideSolutionNode = FALSE
	EndGlobalSection
	GlobalSection(ExtensibilityGlobals) = postSolution
		SolutionGuid = {E46879C7-6B43-4C74-AABF-F8864E66815E}
	EndGlobalSection
EndGlobal
